
Microsoft Visual Studio Solution File, Format Version 12.00
# Visual Studio Version 17
VisualStudioVersion = 17.4.33205.214
MinimumVisualStudioVersion = 10.0.40219.1
Project("{888888A0-9F3D-457C-B088-3A5042F75D52}") = "ruut", "ruut\ruut.pyproj", "{F3975B8F-BE5F-4A5B-A454-4C0209B96CCC}"
EndProject
Global
	GlobalSection(SolutionConfigurationPlatforms) = preSolution
		Debug|Any CPU = Debug|Any CPU
		Release|Any CPU = Release|Any CPU
	EndGlobalSection
	GlobalSection(ProjectConfigurationPlatforms) = postSolution
		{F3975B8F-BE5F-4A5B-A454-4C0209B96CCC}.Debug|Any CPU.ActiveCfg = Debug|Any CPU
		{F3975B8F-BE5F-4A5B-A454-4C0209B96CCC}.Release|Any CPU.ActiveCfg = Release|Any CPU
	EndGlobalSection
	GlobalSection(SolutionProperties) = preSolution
		HideSolutionNode = FALSE
	EndGlobalSection
	GlobalSection(ExtensibilityGlobals) = postSolution
		SolutionGuid = {E27922BB-0B63-48AD-9CCA-959D027698F3}
	EndGlobalSection
EndGlobal
